PODS:
  - Alamofire (3.1.4)
  - AlamofireImage (2.2.0):
    - Alamofire (~> 3.1)
  - AlamofireObjectMapper (2.1.0):
    - Alamofire (~> 3.1.0)
    - ObjectMapper (~> 1.0)
  - EZSwiftExtensions (1.0.3)
  - KSCrash (0.0.8):
    - KSCrash/Installations (= 0.0.8)
    - KSCrash/no-arc (= 0.0.8)
    - KSCrash/Recording (= 0.0.8)
    - KSCrash/Reporting (= 0.0.8)
  - KSCrash/Installations (0.0.8):
    - KSCrash/Recording
    - KSCrash/Reporting
  - KSCrash/no-arc (0.0.8)
  - KSCrash/Recording (0.0.8):
    - KSCrash/no-arc
  - KSCrash/Reporting (0.0.8):
    - KSCrash/Recording
    - KSCrash/Reporting/Filters (= 0.0.8)
    - KSCrash/Reporting/Sinks (= 0.0.8)
    - KSCrash/Reporting/Tools (= 0.0.8)
  - KSCrash/Reporting/Filters (0.0.8):
    - KSCrash/Recording
    - KSCrash/Reporting/Filters/Alert (= 0.0.8)
    - KSCrash/Reporting/Filters/AppleFmt (= 0.0.8)
    - KSCrash/Reporting/Filters/Base (= 0.0.8)
    - KSCrash/Reporting/Filters/Basic (= 0.0.8)
    - KSCrash/Reporting/Filters/GZip (= 0.0.8)
    - KSCrash/Reporting/Filters/JSON (= 0.0.8)
    - KSCrash/Reporting/Filters/Sets (= 0.0.8)
  - KSCrash/Reporting/Filters/Alert (0.0.8):
    - KSCrash/Recording
    - KSCrash/Reporting/Filters/Base
  - KSCrash/Reporting/Filters/AppleFmt (0.0.8):
    - KSCrash/Recording
    - KSCrash/Reporting/Filters/Base
  - KSCrash/Reporting/Filters/Base (0.0.8):
    - KSCrash/Recording
  - KSCrash/Reporting/Filters/Basic (0.0.8):
    - KSCrash/Recording
    - KSCrash/Reporting/Filters/Base
  - KSCrash/Reporting/Filters/GZip (0.0.8):
    - KSCrash/Recording
    - KSCrash/Reporting/Filters/Base
  - KSCrash/Reporting/Filters/JSON (0.0.8):
    - KSCrash/Recording
    - KSCrash/Reporting/Filters/Base
  - KSCrash/Reporting/Filters/Sets (0.0.8):
    - KSCrash/Recording
    - KSCrash/Reporting/Filters/AppleFmt
    - KSCrash/Reporting/Filters/Base
    - KSCrash/Reporting/Filters/Basic
    - KSCrash/Reporting/Filters/GZip
    - KSCrash/Reporting/Filters/JSON
  - KSCrash/Reporting/Sinks (0.0.8):
    - KSCrash/Recording
    - KSCrash/Reporting/Filters
    - KSCrash/Reporting/Tools
  - KSCrash/Reporting/Tools (0.0.8):
    - KSCrash/Recording
  - Log (0.1)
  - MJRefresh (3.0.8)
  - ObjectMapper (1.1.1)
  - SnapKit (0.18.0)
  - SwiftOverlays (1.0)
  - XLActionController (1.0.0):
    - XLActionController/Core (= 1.0.0)
  - XLActionController/Core (1.0.0)

DEPENDENCIES:
  - Alamofire
  - AlamofireImage
  - AlamofireObjectMapper
  - EZSwiftExtensions
  - KSCrash
  - Log
  - MJRefresh
  - SnapKit
  - SwiftOverlays
  - XLActionController

SPEC CHECKSUMS:
  Alamofire: fbc829692f351fa1d8a31dd75fd7f7f56fea31fb
  AlamofireImage: bedb8a4bdfb98eda81ba12952fba6e9e90420922
  AlamofireObjectMapper: 24097576202064f8b0a583452dd934064f78dc0e
  EZSwiftExtensions: f7d2e14f7be52dd0025391af96597d1a11d56a9c
  KSCrash: a928da877b18f70c9ec3b50d4e8960271e2a10e5
  Log: 8de10d912b9cd4fe1abba749d0762be8ad802de7
  MJRefresh: fafde8f18f4afd66b434331a9beb67a6c0264056
  ObjectMapper: 4143abed1dbd49b73d75092fe8fa1c88ed6434b7
  SnapKit: e1f090a6d47b1dd4bd89b73f72b6746a7835ef3c
  SwiftOverlays: 6a47bab3ed2784c378f07b275269f9e8231526e6
  XLActionController: c8ddd5bc20bac97a271113acc7e94659d554da5c

COCOAPODS: 0.39.0
