// !$*UTF8*$!
{
	archiveVersion = 1;
	classes = {
	};
	objectVersion = 46;
	objects = {

/* Begin PBXBuildFile section */
		4C124E311C3FB61400C9FDF4 /* CustomCamera.swift in Sources */ = {isa = PBXBuildFile; fileRef = 4C124E301C3FB61400C9FDF4 /* CustomCamera.swift */; };
		4C471F8C1C43931C001B9FA1 /* PhotoAlbum.swift in Sources */ = {isa = PBXBuildFile; fileRef = 4C471F8B1C43931C001B9FA1 /* PhotoAlbum.swift */; };
		67837F3055FAE4CB07F34391 /* Pods_CavyLifeBand2UITests.framework in Frameworks */ = {isa = PBXBuildFile; fileRef = B308C2BA77F2EED99C226A28 /* Pods_CavyLifeBand2UITests.framework */; };
		9122AB1A1C7D766C00E2C31E /* StoryboardDefine.swift in Sources */ = {isa = PBXBuildFile; fileRef = 9122AB191C7D766C00E2C31E /* StoryboardDefine.swift */; };
		912D29DB1C6088B5005A06E9 /* SignInTest.swift in Sources */ = {isa = PBXBuildFile; fileRef = 912D29DA1C6088B5005A06E9 /* SignInTest.swift */; };
		912D29DD1C609FFD005A06E9 /* Sign_Up_Ok.json in Resources */ = {isa = PBXBuildFile; fileRef = 912D29DC1C609FFD005A06E9 /* Sign_Up_Ok.json */; };
		913D0BD81C3FA126006EE7F8 /* Camera.storyboard in Resources */ = {isa = PBXBuildFile; fileRef = 913D0BD11C3FA126006EE7F8 /* Camera.storyboard */; };
		913D0BD91C3FA126006EE7F8 /* Weather.storyboard in Resources */ = {isa = PBXBuildFile; fileRef = 913D0BD41C3FA126006EE7F8 /* Weather.storyboard */; };
		913D0BDB1C3FA126006EE7F8 /* CavyLifeBand2-Define.swift in Sources */ = {isa = PBXBuildFile; fileRef = 913D0BD71C3FA126006EE7F8 /* CavyLifeBand2-Define.swift */; };
		9141C7FC1C7D6BC5003E24F2 /* MainPageButton.swift in Sources */ = {isa = PBXBuildFile; fileRef = 9141C7FB1C7D6BC5003E24F2 /* MainPageButton.swift */; };
		9141C7FE1C7D72CD003E24F2 /* ImageDefine.swift in Sources */ = {isa = PBXBuildFile; fileRef = 9141C7FD1C7D72CD003E24F2 /* ImageDefine.swift */; };
		915FFAA61C4E0CA500A492F7 /* AppDelegate.swift in Sources */ = {isa = PBXBuildFile; fileRef = 915FFAA51C4E0CA500A492F7 /* AppDelegate.swift */; };
		9169AAAA1C7EE06A00301646 /* SignInViewController.swift in Sources */ = {isa = PBXBuildFile; fileRef = 9169AAA91C7EE06A00301646 /* SignInViewController.swift */; };
		917269FA1C47EB0F00A06E3A /* UserNetJSON.swift in Sources */ = {isa = PBXBuildFile; fileRef = 917269F91C47EB0F00A06E3A /* UserNetJSON.swift */; };
		917DA9761C3B8EB700FF675D /* LaunchScreen.storyboard in Resources */ = {isa = PBXBuildFile; fileRef = 917DA9741C3B8EB700FF675D /* LaunchScreen.storyboard */; };
		917DA99E1C3BA12E00FF675D /* InfoPlist.strings in Resources */ = {isa = PBXBuildFile; fileRef = 917DA9A01C3BA12E00FF675D /* InfoPlist.strings */; };
		918435DB1C7AD094005B6E92 /* ForgotPasswdTest.swift in Sources */ = {isa = PBXBuildFile; fileRef = 918435DA1C7AD094005B6E92 /* ForgotPasswdTest.swift */; };
		918435DD1C7AF624005B6E92 /* SecurityCodeTest.swift in Sources */ = {isa = PBXBuildFile; fileRef = 918435DC1C7AF624005B6E92 /* SecurityCodeTest.swift */; };
		918435E11C7C2B8E005B6E92 /* UploadPicture.swift in Sources */ = {isa = PBXBuildFile; fileRef = 918435E01C7C2B8E005B6E92 /* UploadPicture.swift */; };
		918435E31C7C2C4E005B6E92 /* UploadPicture_Ok.json in Resources */ = {isa = PBXBuildFile; fileRef = 918435E21C7C2C4E005B6E92 /* UploadPicture_Ok.json */; };
		918435E71C7D4FFA005B6E92 /* Main.storyboard in Resources */ = {isa = PBXBuildFile; fileRef = 918435E61C7D4FFA005B6E92 /* Main.storyboard */; };
		918435EB1C7D5A3D005B6E92 /* PageViewController.swift in Sources */ = {isa = PBXBuildFile; fileRef = 918435EA1C7D5A3D005B6E92 /* PageViewController.swift */; };
		918435ED1C7D5ABE005B6E92 /* MainPageViewController.swift in Sources */ = {isa = PBXBuildFile; fileRef = 918435EC1C7D5ABE005B6E92 /* MainPageViewController.swift */; };
		918435EF1C7D629D005B6E92 /* ColorsDefine.swift in Sources */ = {isa = PBXBuildFile; fileRef = 918435EE1C7D629D005B6E92 /* ColorsDefine.swift */; };
		918435F31C7D6784005B6E92 /* LocalizableDefine.swift in Sources */ = {isa = PBXBuildFile; fileRef = 918435F21C7D6784005B6E92 /* LocalizableDefine.swift */; };
		918E26D31C88307900115C4E /* NSUserDefaultsExtension.swift in Sources */ = {isa = PBXBuildFile; fileRef = 918E26D21C88307900115C4E /* NSUserDefaultsExtension.swift */; };
		918E26D51C8833D700115C4E /* AccountModelView.swift in Sources */ = {isa = PBXBuildFile; fileRef = 918E26D41C8833D700115C4E /* AccountModelView.swift */; };
		918E26D71C8833E000115C4E /* AccountTextField.swift in Sources */ = {isa = PBXBuildFile; fileRef = 918E26D61C8833E000115C4E /* AccountTextField.swift */; };
		918E26DC1C891CDE00115C4E /* SignInUITests.swift in Sources */ = {isa = PBXBuildFile; fileRef = 918E26DB1C891CDE00115C4E /* SignInUITests.swift */; };
		9197CF9E1C58BADE00E5D1C9 /* NetRequestAdapter.swift in Sources */ = {isa = PBXBuildFile; fileRef = 9197CF9D1C58BADE00E5D1C9 /* NetRequestAdapter.swift */; };
		9199DA251C48D2BF009672C4 /* SignUpTest.swift in Sources */ = {isa = PBXBuildFile; fileRef = 9199DA241C48D2BF009672C4 /* SignUpTest.swift */; };
		919C5E4F1C7FE54900F72CA8 /* AccountManagerBaseViewController.swift in Sources */ = {isa = PBXBuildFile; fileRef = 919C5E4E1C7FE54900F72CA8 /* AccountManagerBaseViewController.swift */; };
		91A09DAD1C488AF400BB1599 /* Sign_In_Ok.json in Resources */ = {isa = PBXBuildFile; fileRef = 91A09DAC1C488AF400BB1599 /* Sign_In_Ok.json */; };
		91A1E1DD1C7ACF140059E53B /* ForgotPasswd_Ok.json in Resources */ = {isa = PBXBuildFile; fileRef = 91A1E1DC1C7ACF140059E53B /* ForgotPasswd_Ok.json */; };
		91A7516B1C7DD31000D93A57 /* CLBPageControl.swift in Sources */ = {isa = PBXBuildFile; fileRef = 91A7516A1C7DD31000D93A57 /* CLBPageControl.swift */; };
		91A7516D1C7DDB3C00D93A57 /* AccountManagerViewController.swift in Sources */ = {isa = PBXBuildFile; fileRef = 91A7516C1C7DDB3C00D93A57 /* AccountManagerViewController.swift */; };
		91BBB6061C671F1800EC1ED1 /* Sign_In_Error.json in Resources */ = {isa = PBXBuildFile; fileRef = 91BBB6051C671F1800EC1ED1 /* Sign_In_Error.json */; };
		91C3AE251C44DABA006B67AF /* UserNetRequestData.swift in Sources */ = {isa = PBXBuildFile; fileRef = 91C3AE221C44DABA006B67AF /* UserNetRequestData.swift */; };
		91C3AE501C461EA0006B67AF /* SecurityCode_Ok.json in Resources */ = {isa = PBXBuildFile; fileRef = 91C3AE4F1C461EA0006B67AF /* SecurityCode_Ok.json */; };
		91C3AE521C462FE5006B67AF /* String_Extension.swift in Sources */ = {isa = PBXBuildFile; fileRef = 91C3AE511C462FE5006B67AF /* String_Extension.swift */; };
		91C3AE561C474305006B67AF /* Log_Extension.swift in Sources */ = {isa = PBXBuildFile; fileRef = 91C3AE551C474305006B67AF /* Log_Extension.swift */; };
		91C3ED841C3BB637000A414D /* Localizable.strings in Resources */ = {isa = PBXBuildFile; fileRef = 91C3ED861C3BB637000A414D /* Localizable.strings */; };
		91D192921C7DA87B00482019 /* colors.txt in Resources */ = {isa = PBXBuildFile; fileRef = 91D192911C7DA87B00482019 /* colors.txt */; };
		91D192941C7DB8DE00482019 /* Assets.xcassets in Resources */ = {isa = PBXBuildFile; fileRef = 91D192931C7DB8DE00482019 /* Assets.xcassets */; };
		91D274C31C83D3F1004F1AA7 /* UserProtocolView.swift in Sources */ = {isa = PBXBuildFile; fileRef = 91D274C21C83D3F1004F1AA7 /* UserProtocolView.swift */; };
		91D274C51C843A6D004F1AA7 /* CheckboxButton.swift in Sources */ = {isa = PBXBuildFile; fileRef = 91D274C41C843A6D004F1AA7 /* CheckboxButton.swift */; };
		91D274C71C84453F004F1AA7 /* SendSafetyCodeButton.swift in Sources */ = {isa = PBXBuildFile; fileRef = 91D274C61C84453F004F1AA7 /* SendSafetyCodeButton.swift */; };
		91D274C91C8685A6004F1AA7 /* BaseViewController.swift in Sources */ = {isa = PBXBuildFile; fileRef = 91D274C81C8685A6004F1AA7 /* BaseViewController.swift */; };
		91D274D01C86AD55004F1AA7 /* CavyLifeBandAlertView.swift in Sources */ = {isa = PBXBuildFile; fileRef = 91D274CF1C86AD55004F1AA7 /* CavyLifeBandAlertView.swift */; };
		91E981291C8937CB00802C5F /* AccountPageSwitchUITests.swift in Sources */ = {isa = PBXBuildFile; fileRef = 91E981281C8937CB00802C5F /* AccountPageSwitchUITests.swift */; };
		91F0361B1C8D2A1D003E059A /* ProfileTest.swift in Sources */ = {isa = PBXBuildFile; fileRef = 91F0361A1C8D2A1D003E059A /* ProfileTest.swift */; };
		91F0361D1C8D57DE003E059A /* CommonResultOk.json in Resources */ = {isa = PBXBuildFile; fileRef = 91F0361C1C8D57DE003E059A /* CommonResultOk.json */; };
		91F0361F1C8D6BB6003E059A /* Profile_Ok.json in Resources */ = {isa = PBXBuildFile; fileRef = 91F0361E1C8D6BB6003E059A /* Profile_Ok.json */; };
		98CE4AAE2910AB63E72ECA83 /* UIImageExtension.swift in Sources */ = {isa = PBXBuildFile; fileRef = 98CE436F5AB3387A6ACC0F69 /* UIImageExtension.swift */; };
		C8ECCA2E1C4C7F2D00805826 /* Weather.swift in Sources */ = {isa = PBXBuildFile; fileRef = C8ECCA2D1C4C7F2D00805826 /* Weather.swift */; };
		CCC7C82BB91E803A273BED90 /* Pods_CavyLifeBand2Tests.framework in Frameworks */ = {isa = PBXBuildFile; fileRef = 8459E91F9A54D3E7AB8FF576 /* Pods_CavyLifeBand2Tests.framework */; };
		FEEA59B0530DBF292999D652 /* Pods.framework in Frameworks */ = {isa = PBXBuildFile; fileRef = 24A7CFAEA8FAD0237C60B20B /* Pods.framework */; };
/* End PBXBuildFile section */

/* Begin PBXContainerItemProxy section */
		917DA97D1C3B8EB800FF675D /* PBXContainerItemProxy */ = {
			isa = PBXContainerItemProxy;
			containerPortal = 917DA9601C3B8EB700FF675D /* Project object */;
			proxyType = 1;
			remoteGlobalIDString = 917DA9671C3B8EB700FF675D;
			remoteInfo = CavyLifeBand2;
		};
		917DA9881C3B8EB800FF675D /* PBXContainerItemProxy */ = {
			isa = PBXContainerItemProxy;
			containerPortal = 917DA9601C3B8EB700FF675D /* Project object */;
			proxyType = 1;
			remoteGlobalIDString = 917DA9671C3B8EB700FF675D;
			remoteInfo = CavyLifeBand2;
		};
/* End PBXContainerItemProxy section */

/* Begin PBXFileReference section */
		01513CBBEAFFF398A5D5CA79 /* Pods.release.xcconfig */ = {isa = PBXFileReference; includeInIndex = 1; lastKnownFileType = text.xcconfig; name = Pods.release.xcconfig; path = "Pods/Target Support Files/Pods/Pods.release.xcconfig"; sourceTree = "<group>"; };
		0E86C8C6C588F3A38FB9C30B /* Pods-CavyLifeBand2UITests.release.xcconfig */ = {isa = PBXFileReference; includeInIndex = 1; lastKnownFileType = text.xcconfig; name = "Pods-CavyLifeBand2UITests.release.xcconfig"; path = "Pods/Target Support Files/Pods-CavyLifeBand2UITests/Pods-CavyLifeBand2UITests.release.xcconfig"; sourceTree = "<group>"; };
		24A7CFAEA8FAD0237C60B20B /* Pods.framework */ = {isa = PBXFileReference; explicitFileType = wrapper.framework; includeInIndex = 0; path = Pods.framework; sourceTree = BUILT_PRODUCTS_DIR; };
		2F583E886E98A1695CB4FA4C /* Pods-CavyLifeBand2Tests.debug.xcconfig */ = {isa = PBXFileReference; includeInIndex = 1; lastKnownFileType = text.xcconfig; name = "Pods-CavyLifeBand2Tests.debug.xcconfig"; path = "Pods/Target Support Files/Pods-CavyLifeBand2Tests/Pods-CavyLifeBand2Tests.debug.xcconfig"; sourceTree = "<group>"; };
		4C124E301C3FB61400C9FDF4 /* CustomCamera.swift */ = {isa = PBXFileReference; fileEncoding = 4; lastKnownFileType = sourcecode.swift; path = CustomCamera.swift; sourceTree = "<group>"; };
		4C471F8B1C43931C001B9FA1 /* PhotoAlbum.swift */ = {isa = PBXFileReference; fileEncoding = 4; lastKnownFileType = sourcecode.swift; path = PhotoAlbum.swift; sourceTree = "<group>"; };
		62B877474089074C0F590F2C /* Pods-CavyLifeBand2UITests.debug.xcconfig */ = {isa = PBXFileReference; includeInIndex = 1; lastKnownFileType = text.xcconfig; name = "Pods-CavyLifeBand2UITests.debug.xcconfig"; path = "Pods/Target Support Files/Pods-CavyLifeBand2UITests/Pods-CavyLifeBand2UITests.debug.xcconfig"; sourceTree = "<group>"; };
		8459E91F9A54D3E7AB8FF576 /* Pods_CavyLifeBand2Tests.framework */ = {isa = PBXFileReference; explicitFileType = wrapper.framework; includeInIndex = 0; path = Pods_CavyLifeBand2Tests.framework; sourceTree = BUILT_PRODUCTS_DIR; };
		9122AB191C7D766C00E2C31E /* StoryboardDefine.swift */ = {isa = PBXFileReference; fileEncoding = 4; lastKnownFileType = sourcecode.swift; path = StoryboardDefine.swift; sourceTree = "<group>"; };
		912D29DA1C6088B5005A06E9 /* SignInTest.swift */ = {isa = PBXFileReference; fileEncoding = 4; lastKnownFileType = sourcecode.swift; path = SignInTest.swift; sourceTree = "<group>"; };
		912D29DC1C609FFD005A06E9 /* Sign_Up_Ok.json */ = {isa = PBXFileReference; fileEncoding = 4; lastKnownFileType = text.json; path = Sign_Up_Ok.json; sourceTree = "<group>"; };
		913D0BD11C3FA126006EE7F8 /* Camera.storyboard */ = {isa = PBXFileReference; fileEncoding = 4; lastKnownFileType = file.storyboard; path = Camera.storyboard; sourceTree = "<group>"; };
		913D0BD41C3FA126006EE7F8 /* Weather.storyboard */ = {isa = PBXFileReference; fileEncoding = 4; lastKnownFileType = file.storyboard; path = Weather.storyboard; sourceTree = "<group>"; };
		913D0BD71C3FA126006EE7F8 /* CavyLifeBand2-Define.swift */ = {isa = PBXFileReference; fileEncoding = 4; lastKnownFileType = sourcecode.swift; path = "CavyLifeBand2-Define.swift"; sourceTree = "<group>"; };
		9141C7FB1C7D6BC5003E24F2 /* MainPageButton.swift */ = {isa = PBXFileReference; fileEncoding = 4; lastKnownFileType = sourcecode.swift; path = MainPageButton.swift; sourceTree = "<group>"; };
		9141C7FD1C7D72CD003E24F2 /* ImageDefine.swift */ = {isa = PBXFileReference; fileEncoding = 4; lastKnownFileType = sourcecode.swift; path = ImageDefine.swift; sourceTree = "<group>"; };
		915FFAA51C4E0CA500A492F7 /* AppDelegate.swift */ = {isa = PBXFileReference; fileEncoding = 4; lastKnownFileType = sourcecode.swift; path = AppDelegate.swift; sourceTree = "<group>"; };
		9169AAA91C7EE06A00301646 /* SignInViewController.swift */ = {isa = PBXFileReference; fileEncoding = 4; lastKnownFileType = sourcecode.swift; path = SignInViewController.swift; sourceTree = "<group>"; };
		917269F91C47EB0F00A06E3A /* UserNetJSON.swift */ = {isa = PBXFileReference; fileEncoding = 4; lastKnownFileType = sourcecode.swift; path = UserNetJSON.swift; sourceTree = "<group>"; };
		917DA9681C3B8EB700FF675D /* CavyLifeBand2.app */ = {isa = PBXFileReference; explicitFileType = wrapper.application; includeInIndex = 0; path = CavyLifeBand2.app; sourceTree = BUILT_PRODUCTS_DIR; };
		917DA9751C3B8EB700FF675D /* Base */ = {isa = PBXFileReference; lastKnownFileType = file.storyboard; name = Base; path = Base.lproj/LaunchScreen.storyboard; sourceTree = "<group>"; };
		917DA9771C3B8EB700FF675D /* Info.plist */ = {isa = PBXFileReference; lastKnownFileType = text.plist.xml; path = Info.plist; sourceTree = "<group>"; };
		917DA97C1C3B8EB800FF675D /* CavyLifeBand2Tests.xctest */ = {isa = PBXFileReference; explicitFileType = wrapper.cfbundle; includeInIndex = 0; path = CavyLifeBand2Tests.xctest; sourceTree = BUILT_PRODUCTS_DIR; };
		917DA9821C3B8EB800FF675D /* Info.plist */ = {isa = PBXFileReference; lastKnownFileType = text.plist.xml; path = Info.plist; sourceTree = "<group>"; };
		917DA9871C3B8EB800FF675D /* CavyLifeBand2UITests.xctest */ = {isa = PBXFileReference; explicitFileType = wrapper.cfbundle; includeInIndex = 0; path = CavyLifeBand2UITests.xctest; sourceTree = BUILT_PRODUCTS_DIR; };
		917DA98D1C3B8EB800FF675D /* Info.plist */ = {isa = PBXFileReference; lastKnownFileType = text.plist.xml; path = Info.plist; sourceTree = "<group>"; };
		917DA99F1C3BA12E00FF675D /* en */ = {isa = PBXFileReference; lastKnownFileType = text.plist.strings; name = en; path = en.lproj/InfoPlist.strings; sourceTree = "<group>"; };
		917DA9A11C3BA13800FF675D /* Base */ = {isa = PBXFileReference; lastKnownFileType = text.plist.strings; name = Base; path = Base.lproj/InfoPlist.strings; sourceTree = "<group>"; };
		917DA9A51C3BA1A700FF675D /* zh-Hans */ = {isa = PBXFileReference; lastKnownFileType = text.plist.strings; name = "zh-Hans"; path = "zh-Hans.lproj/LaunchScreen.strings"; sourceTree = "<group>"; };
		917DA9A61C3BA1A700FF675D /* zh-Hans */ = {isa = PBXFileReference; lastKnownFileType = text.plist.strings; name = "zh-Hans"; path = "zh-Hans.lproj/InfoPlist.strings"; sourceTree = "<group>"; };
		918435DA1C7AD094005B6E92 /* ForgotPasswdTest.swift */ = {isa = PBXFileReference; fileEncoding = 4; lastKnownFileType = sourcecode.swift; path = ForgotPasswdTest.swift; sourceTree = "<group>"; };
		918435DC1C7AF624005B6E92 /* SecurityCodeTest.swift */ = {isa = PBXFileReference; fileEncoding = 4; lastKnownFileType = sourcecode.swift; path = SecurityCodeTest.swift; sourceTree = "<group>"; };
		918435E01C7C2B8E005B6E92 /* UploadPicture.swift */ = {isa = PBXFileReference; fileEncoding = 4; lastKnownFileType = sourcecode.swift; path = UploadPicture.swift; sourceTree = "<group>"; };
		918435E21C7C2C4E005B6E92 /* UploadPicture_Ok.json */ = {isa = PBXFileReference; fileEncoding = 4; lastKnownFileType = text.json; path = UploadPicture_Ok.json; sourceTree = "<group>"; };
		918435E61C7D4FFA005B6E92 /* Main.storyboard */ = {isa = PBXFileReference; fileEncoding = 4; lastKnownFileType = file.storyboard; name = Main.storyboard; path = CavyLifeBand2/User/Main.storyboard; sourceTree = SOURCE_ROOT; };
		918435EA1C7D5A3D005B6E92 /* PageViewController.swift */ = {isa = PBXFileReference; fileEncoding = 4; lastKnownFileType = sourcecode.swift; path = PageViewController.swift; sourceTree = "<group>"; };
		918435EC1C7D5ABE005B6E92 /* MainPageViewController.swift */ = {isa = PBXFileReference; fileEncoding = 4; lastKnownFileType = sourcecode.swift; path = MainPageViewController.swift; sourceTree = "<group>"; };
		918435EE1C7D629D005B6E92 /* ColorsDefine.swift */ = {isa = PBXFileReference; fileEncoding = 4; lastKnownFileType = sourcecode.swift; path = ColorsDefine.swift; sourceTree = "<group>"; };
		918435F01C7D6641005B6E92 /* en */ = {isa = PBXFileReference; lastKnownFileType = text.plist.strings; name = en; path = en.lproj/Localizable.strings; sourceTree = "<group>"; };
		918435F11C7D6644005B6E92 /* zh-Hans */ = {isa = PBXFileReference; lastKnownFileType = text.plist.strings; name = "zh-Hans"; path = "zh-Hans.lproj/Localizable.strings"; sourceTree = "<group>"; };
		918435F21C7D6784005B6E92 /* LocalizableDefine.swift */ = {isa = PBXFileReference; fileEncoding = 4; lastKnownFileType = sourcecode.swift; path = LocalizableDefine.swift; sourceTree = "<group>"; };
		918E26D21C88307900115C4E /* NSUserDefaultsExtension.swift */ = {isa = PBXFileReference; fileEncoding = 4; lastKnownFileType = sourcecode.swift; path = NSUserDefaultsExtension.swift; sourceTree = "<group>"; };
		918E26D41C8833D700115C4E /* AccountModelView.swift */ = {isa = PBXFileReference; fileEncoding = 4; lastKnownFileType = sourcecode.swift; path = AccountModelView.swift; sourceTree = "<group>"; };
		918E26D61C8833E000115C4E /* AccountTextField.swift */ = {isa = PBXFileReference; fileEncoding = 4; lastKnownFileType = sourcecode.swift; path = AccountTextField.swift; sourceTree = "<group>"; };
		918E26DB1C891CDE00115C4E /* SignInUITests.swift */ = {isa = PBXFileReference; fileEncoding = 4; lastKnownFileType = sourcecode.swift; path = SignInUITests.swift; sourceTree = "<group>"; };
		91931FBDB93D6202BBC98835 /* Pods-CavyLifeBand2Tests.release.xcconfig */ = {isa = PBXFileReference; includeInIndex = 1; lastKnownFileType = text.xcconfig; name = "Pods-CavyLifeBand2Tests.release.xcconfig"; path = "Pods/Target Support Files/Pods-CavyLifeBand2Tests/Pods-CavyLifeBand2Tests.release.xcconfig"; sourceTree = "<group>"; };
		9197CF9D1C58BADE00E5D1C9 /* NetRequestAdapter.swift */ = {isa = PBXFileReference; fileEncoding = 4; lastKnownFileType = sourcecode.swift; path = NetRequestAdapter.swift; sourceTree = "<group>"; };
		9199DA241C48D2BF009672C4 /* SignUpTest.swift */ = {isa = PBXFileReference; fileEncoding = 4; lastKnownFileType = sourcecode.swift; path = SignUpTest.swift; sourceTree = "<group>"; };
		919C5E4E1C7FE54900F72CA8 /* AccountManagerBaseViewController.swift */ = {isa = PBXFileReference; fileEncoding = 4; lastKnownFileType = sourcecode.swift; path = AccountManagerBaseViewController.swift; sourceTree = "<group>"; };
		91A09DAC1C488AF400BB1599 /* Sign_In_Ok.json */ = {isa = PBXFileReference; fileEncoding = 4; lastKnownFileType = text.json; path = Sign_In_Ok.json; sourceTree = "<group>"; };
		91A1E1DC1C7ACF140059E53B /* ForgotPasswd_Ok.json */ = {isa = PBXFileReference; fileEncoding = 4; lastKnownFileType = text.json; path = ForgotPasswd_Ok.json; sourceTree = "<group>"; };
		91A7516A1C7DD31000D93A57 /* CLBPageControl.swift */ = {isa = PBXFileReference; fileEncoding = 4; lastKnownFileType = sourcecode.swift; path = CLBPageControl.swift; sourceTree = "<group>"; };
		91A7516C1C7DDB3C00D93A57 /* AccountManagerViewController.swift */ = {isa = PBXFileReference; fileEncoding = 4; lastKnownFileType = sourcecode.swift; path = AccountManagerViewController.swift; sourceTree = "<group>"; };
		91BBB6051C671F1800EC1ED1 /* Sign_In_Error.json */ = {isa = PBXFileReference; fileEncoding = 4; lastKnownFileType = text.json; path = Sign_In_Error.json; sourceTree = "<group>"; };
		91C3AE221C44DABA006B67AF /* UserNetRequestData.swift */ = {isa = PBXFileReference; fileEncoding = 4; lastKnownFileType = sourcecode.swift; path = UserNetRequestData.swift; sourceTree = "<group>"; };
		91C3AE4F1C461EA0006B67AF /* SecurityCode_Ok.json */ = {isa = PBXFileReference; fileEncoding = 4; lastKnownFileType = text.json; path = SecurityCode_Ok.json; sourceTree = "<group>"; };
		91C3AE511C462FE5006B67AF /* String_Extension.swift */ = {isa = PBXFileReference; fileEncoding = 4; lastKnownFileType = sourcecode.swift; path = String_Extension.swift; sourceTree = "<group>"; };
		91C3AE551C474305006B67AF /* Log_Extension.swift */ = {isa = PBXFileReference; fileEncoding = 4; lastKnownFileType = sourcecode.swift; path = Log_Extension.swift; sourceTree = "<group>"; };
		91C3ED871C3BB639000A414D /* Base */ = {isa = PBXFileReference; lastKnownFileType = text.plist.strings; name = Base; path = Base.lproj/Localizable.strings; sourceTree = "<group>"; };
		91D192911C7DA87B00482019 /* colors.txt */ = {isa = PBXFileReference; fileEncoding = 4; lastKnownFileType = text; path = colors.txt; sourceTree = SOURCE_ROOT; };
		91D192931C7DB8DE00482019 /* Assets.xcassets */ = {isa = PBXFileReference; lastKnownFileType = folder.assetcatalog; path = Assets.xcassets; sourceTree = "<group>"; };
		91D274C21C83D3F1004F1AA7 /* UserProtocolView.swift */ = {isa = PBXFileReference; fileEncoding = 4; lastKnownFileType = sourcecode.swift; path = UserProtocolView.swift; sourceTree = "<group>"; };
		91D274C41C843A6D004F1AA7 /* CheckboxButton.swift */ = {isa = PBXFileReference; fileEncoding = 4; lastKnownFileType = sourcecode.swift; path = CheckboxButton.swift; sourceTree = "<group>"; };
		91D274C61C84453F004F1AA7 /* SendSafetyCodeButton.swift */ = {isa = PBXFileReference; fileEncoding = 4; lastKnownFileType = sourcecode.swift; path = SendSafetyCodeButton.swift; sourceTree = "<group>"; };
		91D274C81C8685A6004F1AA7 /* BaseViewController.swift */ = {isa = PBXFileReference; fileEncoding = 4; lastKnownFileType = sourcecode.swift; path = BaseViewController.swift; sourceTree = "<group>"; };
		91D274CF1C86AD55004F1AA7 /* CavyLifeBandAlertView.swift */ = {isa = PBXFileReference; fileEncoding = 4; lastKnownFileType = sourcecode.swift; path = CavyLifeBandAlertView.swift; sourceTree = "<group>"; };
		91E981281C8937CB00802C5F /* AccountPageSwitchUITests.swift */ = {isa = PBXFileReference; fileEncoding = 4; lastKnownFileType = sourcecode.swift; path = AccountPageSwitchUITests.swift; sourceTree = "<group>"; };
		91F0361A1C8D2A1D003E059A /* ProfileTest.swift */ = {isa = PBXFileReference; fileEncoding = 4; lastKnownFileType = sourcecode.swift; path = ProfileTest.swift; sourceTree = "<group>"; };
		91F0361C1C8D57DE003E059A /* CommonResultOk.json */ = {isa = PBXFileReference; fileEncoding = 4; lastKnownFileType = text.json; path = CommonResultOk.json; sourceTree = "<group>"; };
		91F0361E1C8D6BB6003E059A /* Profile_Ok.json */ = {isa = PBXFileReference; fileEncoding = 4; lastKnownFileType = text.json; path = Profile_Ok.json; sourceTree = "<group>"; };
		98CE436F5AB3387A6ACC0F69 /* UIImageExtension.swift */ = {isa = PBXFileReference; fileEncoding = 4; lastKnownFileType = sourcecode.swift; path = UIImageExtension.swift; sourceTree = "<group>"; };
		AD7D0502CC392B502E081F26 /* Pods.debug.xcconfig */ = {isa = PBXFileReference; includeInIndex = 1; lastKnownFileType = text.xcconfig; name = Pods.debug.xcconfig; path = "Pods/Target Support Files/Pods/Pods.debug.xcconfig"; sourceTree = "<group>"; };
		B308C2BA77F2EED99C226A28 /* Pods_CavyLifeBand2UITests.framework */ = {isa = PBXFileReference; explicitFileType = wrapper.framework; includeInIndex = 0; path = Pods_CavyLifeBand2UITests.framework; sourceTree = BUILT_PRODUCTS_DIR; };
		C848EB391C46240F001FA1BF /* AssetsLibrary.framework */ = {isa = PBXFileReference; lastKnownFileType = wrapper.framework; name = AssetsLibrary.framework; path = System/Library/Frameworks/AssetsLibrary.framework; sourceTree = SDKROOT; };
		C8ECCA2D1C4C7F2D00805826 /* Weather.swift */ = {isa = PBXFileReference; fileEncoding = 4; lastKnownFileType = sourcecode.swift; path = Weather.swift; sourceTree = "<group>"; };
/* End PBXFileReference section */

/* Begin PBXFrameworksBuildPhase section */
		917DA9651C3B8EB700FF675D /* Frameworks */ = {
			isa = PBXFrameworksBuildPhase;
			buildActionMask = 2147483647;
			files = (
				FEEA59B0530DBF292999D652 /* Pods.framework in Frameworks */,
			);
			runOnlyForDeploymentPostprocessing = 0;
		};
		917DA9791C3B8EB800FF675D /* Frameworks */ = {
			isa = PBXFrameworksBuildPhase;
			buildActionMask = 2147483647;
			files = (
				CCC7C82BB91E803A273BED90 /* Pods_CavyLifeBand2Tests.framework in Frameworks */,
			);
			runOnlyForDeploymentPostprocessing = 0;
		};
		917DA9841C3B8EB800FF675D /* Frameworks */ = {
			isa = PBXFrameworksBuildPhase;
			buildActionMask = 2147483647;
			files = (
				67837F3055FAE4CB07F34391 /* Pods_CavyLifeBand2UITests.framework in Frameworks */,
			);
			runOnlyForDeploymentPostprocessing = 0;
		};
/* End PBXFrameworksBuildPhase section */

/* Begin PBXGroup section */
		669D8264DE153DBB0A215E22 /* Pods */ = {
			isa = PBXGroup;
			children = (
				AD7D0502CC392B502E081F26 /* Pods.debug.xcconfig */,
				01513CBBEAFFF398A5D5CA79 /* Pods.release.xcconfig */,
				2F583E886E98A1695CB4FA4C /* Pods-CavyLifeBand2Tests.debug.xcconfig */,
				91931FBDB93D6202BBC98835 /* Pods-CavyLifeBand2Tests.release.xcconfig */,
				62B877474089074C0F590F2C /* Pods-CavyLifeBand2UITests.debug.xcconfig */,
				0E86C8C6C588F3A38FB9C30B /* Pods-CavyLifeBand2UITests.release.xcconfig */,
			);
			name = Pods;
			sourceTree = "<group>";
		};
		913D0BCF1C3FA126006EE7F8 /* Camera */ = {
			isa = PBXGroup;
			children = (
				913D0BD01C3FA126006EE7F8 /* View */,
			);
			path = Camera;
			sourceTree = "<group>";
		};
		913D0BD01C3FA126006EE7F8 /* View */ = {
			isa = PBXGroup;
			children = (
				913D0BD11C3FA126006EE7F8 /* Camera.storyboard */,
				4C124E301C3FB61400C9FDF4 /* CustomCamera.swift */,
				4C471F8B1C43931C001B9FA1 /* PhotoAlbum.swift */,
			);
			path = View;
			sourceTree = "<group>";
		};
		913D0BD21C3FA126006EE7F8 /* Weather */ = {
			isa = PBXGroup;
			children = (
				913D0BD31C3FA126006EE7F8 /* View */,
			);
			path = Weather;
			sourceTree = "<group>";
		};
		913D0BD31C3FA126006EE7F8 /* View */ = {
			isa = PBXGroup;
			children = (
				913D0BD41C3FA126006EE7F8 /* Weather.storyboard */,
				C8ECCA2D1C4C7F2D00805826 /* Weather.swift */,
			);
			path = View;
			sourceTree = "<group>";
		};
		913D0BD51C3FA126006EE7F8 /* Common */ = {
			isa = PBXGroup;
			children = (
				91D274CC1C86ABB8004F1AA7 /* Define */,
				91D274CB1C86ABA1004F1AA7 /* Extension */,
				91D274CA1C86AB8E004F1AA7 /* UI */,
				915FFAA51C4E0CA500A492F7 /* AppDelegate.swift */,
				9197CF9D1C58BADE00E5D1C9 /* NetRequestAdapter.swift */,
			);
			path = Common;
			sourceTree = "<group>";
		};
		917DA95F1C3B8EB700FF675D = {
			isa = PBXGroup;
			children = (
				917DA96A1C3B8EB700FF675D /* CavyLifeBand2 */,
				917DA97F1C3B8EB800FF675D /* CavyLifeBand2Tests */,
				917DA98A1C3B8EB800FF675D /* CavyLifeBand2UITests */,
				917DA9691C3B8EB700FF675D /* Products */,
				669D8264DE153DBB0A215E22 /* Pods */,
				E460B001B67D19857BA48CA4 /* Frameworks */,
			);
			sourceTree = "<group>";
		};
		917DA9691C3B8EB700FF675D /* Products */ = {
			isa = PBXGroup;
			children = (
				917DA9681C3B8EB700FF675D /* CavyLifeBand2.app */,
				917DA97C1C3B8EB800FF675D /* CavyLifeBand2Tests.xctest */,
				917DA9871C3B8EB800FF675D /* CavyLifeBand2UITests.xctest */,
			);
			name = Products;
			sourceTree = "<group>";
		};
		917DA96A1C3B8EB700FF675D /* CavyLifeBand2 */ = {
			isa = PBXGroup;
			children = (
				913D0BCF1C3FA126006EE7F8 /* Camera */,
				913D0BD21C3FA126006EE7F8 /* Weather */,
				913D0BD51C3FA126006EE7F8 /* Common */,
				91C3ED931C3CBF46000A414D /* Account */,
				91C3ED891C3BB685000A414D /* Localization */,
				91D192931C7DB8DE00482019 /* Assets.xcassets */,
				917DA9741C3B8EB700FF675D /* LaunchScreen.storyboard */,
				917DA9771C3B8EB700FF675D /* Info.plist */,
			);
			path = CavyLifeBand2;
			sourceTree = "<group>";
		};
		917DA97F1C3B8EB800FF675D /* CavyLifeBand2Tests */ = {
			isa = PBXGroup;
			children = (
				91C3AE4C1C461E61006B67AF /* json */,
				9199DA241C48D2BF009672C4 /* SignUpTest.swift */,
				912D29DA1C6088B5005A06E9 /* SignInTest.swift */,
				918435DA1C7AD094005B6E92 /* ForgotPasswdTest.swift */,
				918435DC1C7AF624005B6E92 /* SecurityCodeTest.swift */,
				918435E01C7C2B8E005B6E92 /* UploadPicture.swift */,
				91F0361A1C8D2A1D003E059A /* ProfileTest.swift */,
				917DA9821C3B8EB800FF675D /* Info.plist */,
			);
			path = CavyLifeBand2Tests;
			sourceTree = "<group>";
		};
		917DA98A1C3B8EB800FF675D /* CavyLifeBand2UITests */ = {
			isa = PBXGroup;
			children = (
				917DA98D1C3B8EB800FF675D /* Info.plist */,
				918E26DB1C891CDE00115C4E /* SignInUITests.swift */,
				91E981281C8937CB00802C5F /* AccountPageSwitchUITests.swift */,
			);
			path = CavyLifeBand2UITests;
			sourceTree = "<group>";
		};
		918E26CF1C880E5900115C4E /* ModelView */ = {
			isa = PBXGroup;
			children = (
				918E26D41C8833D700115C4E /* AccountModelView.swift */,
			);
			path = ModelView;
			sourceTree = "<group>";
		};
		91C3AE211C44DABA006B67AF /* Model */ = {
			isa = PBXGroup;
			children = (
				917269F91C47EB0F00A06E3A /* UserNetJSON.swift */,
				91C3AE221C44DABA006B67AF /* UserNetRequestData.swift */,
			);
			path = Model;
			sourceTree = "<group>";
		};
		91C3AE241C44DABA006B67AF /* View */ = {
			isa = PBXGroup;
			children = (
				919C5E4E1C7FE54900F72CA8 /* AccountManagerBaseViewController.swift */,
				91A7516C1C7DDB3C00D93A57 /* AccountManagerViewController.swift */,
				918E26D61C8833E000115C4E /* AccountTextField.swift */,
				918435E61C7D4FFA005B6E92 /* Main.storyboard */,
				918435EC1C7D5ABE005B6E92 /* MainPageViewController.swift */,
				918435EA1C7D5A3D005B6E92 /* PageViewController.swift */,
				9141C7FB1C7D6BC5003E24F2 /* MainPageButton.swift */,
				91A7516A1C7DD31000D93A57 /* CLBPageControl.swift */,
				9169AAA91C7EE06A00301646 /* SignInViewController.swift */,
				91D274C21C83D3F1004F1AA7 /* UserProtocolView.swift */,
				91D274C41C843A6D004F1AA7 /* CheckboxButton.swift */,
				91D274C61C84453F004F1AA7 /* SendSafetyCodeButton.swift */,
			);
			path = View;
			sourceTree = "<group>";
		};
		91C3AE4C1C461E61006B67AF /* json */ = {
			isa = PBXGroup;
			children = (
				91F0361E1C8D6BB6003E059A /* Profile_Ok.json */,
				91F0361C1C8D57DE003E059A /* CommonResultOk.json */,
				918435E21C7C2C4E005B6E92 /* UploadPicture_Ok.json */,
				91BBB6051C671F1800EC1ED1 /* Sign_In_Error.json */,
				912D29DC1C609FFD005A06E9 /* Sign_Up_Ok.json */,
				91A09DAC1C488AF400BB1599 /* Sign_In_Ok.json */,
				91C3AE4F1C461EA0006B67AF /* SecurityCode_Ok.json */,
				91A1E1DC1C7ACF140059E53B /* ForgotPasswd_Ok.json */,
			);
			path = json;
			sourceTree = "<group>";
		};
		91C3ED891C3BB685000A414D /* Localization */ = {
			isa = PBXGroup;
			children = (
				91C3ED861C3BB637000A414D /* Localizable.strings */,
				917DA9A01C3BA12E00FF675D /* InfoPlist.strings */,
			);
			name = Localization;
			sourceTree = "<group>";
		};
		91C3ED931C3CBF46000A414D /* Account */ = {
			isa = PBXGroup;
			children = (
				918E26CF1C880E5900115C4E /* ModelView */,
				91C3AE211C44DABA006B67AF /* Model */,
				91C3AE241C44DABA006B67AF /* View */,
			);
			name = Account;
			path = User;
			sourceTree = "<group>";
		};
		91D274CA1C86AB8E004F1AA7 /* UI */ = {
			isa = PBXGroup;
			children = (
				91D274C81C8685A6004F1AA7 /* BaseViewController.swift */,
				91D274CF1C86AD55004F1AA7 /* CavyLifeBandAlertView.swift */,
			);
			name = UI;
			sourceTree = "<group>";
		};
		91D274CB1C86ABA1004F1AA7 /* Extension */ = {
			isa = PBXGroup;
			children = (
				91C3AE511C462FE5006B67AF /* String_Extension.swift */,
				91C3AE551C474305006B67AF /* Log_Extension.swift */,
				98CE436F5AB3387A6ACC0F69 /* UIImageExtension.swift */,
			);
			name = Extension;
			sourceTree = "<group>";
		};
		91D274CC1C86ABB8004F1AA7 /* Define */ = {
			isa = PBXGroup;
			children = (
				918E26D21C88307900115C4E /* NSUserDefaultsExtension.swift */,
				91D192911C7DA87B00482019 /* colors.txt */,
				913D0BD71C3FA126006EE7F8 /* CavyLifeBand2-Define.swift */,
				9122AB191C7D766C00E2C31E /* StoryboardDefine.swift */,
				9141C7FD1C7D72CD003E24F2 /* ImageDefine.swift */,
				918435F21C7D6784005B6E92 /* LocalizableDefine.swift */,
				918435EE1C7D629D005B6E92 /* ColorsDefine.swift */,
			);
			name = Define;
			sourceTree = "<group>";
		};
		E460B001B67D19857BA48CA4 /* Frameworks */ = {
			isa = PBXGroup;
			children = (
				C848EB391C46240F001FA1BF /* AssetsLibrary.framework */,
				24A7CFAEA8FAD0237C60B20B /* Pods.framework */,
				8459E91F9A54D3E7AB8FF576 /* Pods_CavyLifeBand2Tests.framework */,
				B308C2BA77F2EED99C226A28 /* Pods_CavyLifeBand2UITests.framework */,
			);
			name = Frameworks;
			sourceTree = "<group>";
		};
/* End PBXGroup section */

/* Begin PBXNativeTarget section */
		917DA9671C3B8EB700FF675D /* CavyLifeBand2 */ = {
			isa = PBXNativeTarget;
			buildConfigurationList = 917DA9901C3B8EB800FF675D /* Build configuration list for PBXNativeTarget "CavyLifeBand2" */;
			buildPhases = (
				D517CEF9A44190E5F6B327FB /* Check Pods Manifest.lock */,
				917DA9641C3B8EB700FF675D /* Sources */,
				917DA9651C3B8EB700FF675D /* Frameworks */,
				917DA9661C3B8EB700FF675D /* Resources */,
				9C96EDCAA15349112C23D4D1 /* Embed Pods Frameworks */,
				014978E6D44FBCCACD14AACB /* Copy Pods Resources */,
				10C30443CC8F125A42CAC34E /* Tailor */,
			);
			buildRules = (
			);
			dependencies = (
			);
			name = CavyLifeBand2;
			productName = CavyLifeBand2;
			productReference = 917DA9681C3B8EB700FF675D /* CavyLifeBand2.app */;
			productType = "com.apple.product-type.application";
		};
		917DA97B1C3B8EB800FF675D /* CavyLifeBand2Tests */ = {
			isa = PBXNativeTarget;
			buildConfigurationList = 917DA9931C3B8EB800FF675D /* Build configuration list for PBXNativeTarget "CavyLifeBand2Tests" */;
			buildPhases = (
				A213B0908518E3F74EBA624B /* Check Pods Manifest.lock */,
				917DA9781C3B8EB800FF675D /* Sources */,
				917DA9791C3B8EB800FF675D /* Frameworks */,
				917DA97A1C3B8EB800FF675D /* Resources */,
				CC8D0AF30B13C2AD7C7D8602 /* Embed Pods Frameworks */,
				1FFA4C2A8B15AA696D1A45EC /* Copy Pods Resources */,
			);
			buildRules = (
			);
			dependencies = (
				917DA97E1C3B8EB800FF675D /* PBXTargetDependency */,
			);
			name = CavyLifeBand2Tests;
			productName = CavyLifeBand2Tests;
			productReference = 917DA97C1C3B8EB800FF675D /* CavyLifeBand2Tests.xctest */;
			productType = "com.apple.product-type.bundle.unit-test";
		};
		917DA9861C3B8EB800FF675D /* CavyLifeBand2UITests */ = {
			isa = PBXNativeTarget;
			buildConfigurationList = 917DA9961C3B8EB800FF675D /* Build configuration list for PBXNativeTarget "CavyLifeBand2UITests" */;
			buildPhases = (
				DCA09848B6D9D547DE5B8B6D /* Check Pods Manifest.lock */,
				917DA9831C3B8EB800FF675D /* Sources */,
				917DA9841C3B8EB800FF675D /* Frameworks */,
				917DA9851C3B8EB800FF675D /* Resources */,
				9B2BD6B95D7A2188FB2331A3 /* Copy Pods Resources */,
			);
			buildRules = (
			);
			dependencies = (
				917DA9891C3B8EB800FF675D /* PBXTargetDependency */,
			);
			name = CavyLifeBand2UITests;
			productName = CavyLifeBand2UITests;
			productReference = 917DA9871C3B8EB800FF675D /* CavyLifeBand2UITests.xctest */;
			productType = "com.apple.product-type.bundle.ui-testing";
		};
/* End PBXNativeTarget section */

/* Begin PBXProject section */
		917DA9601C3B8EB700FF675D /* Project object */ = {
			isa = PBXProject;
			attributes = {
				LastSwiftUpdateCheck = 0720;
				LastUpgradeCheck = 0720;
				ORGANIZATIONNAME = xuemincai;
				TargetAttributes = {
					917DA9671C3B8EB700FF675D = {
						CreatedOnToolsVersion = 7.2;
						DevelopmentTeam = QPTW8BT3J8;
					};
					917DA97B1C3B8EB800FF675D = {
						CreatedOnToolsVersion = 7.2;
						TestTargetID = 917DA9671C3B8EB700FF675D;
					};
					917DA9861C3B8EB800FF675D = {
						CreatedOnToolsVersion = 7.2;
						TestTargetID = 917DA9671C3B8EB700FF675D;
					};
				};
			};
			buildConfigurationList = 917DA9631C3B8EB700FF675D /* Build configuration list for PBXProject "CavyLifeBand2" */;
			compatibilityVersion = "Xcode 3.2";
			developmentRegion = English;
			hasScannedForEncodings = 0;
			knownRegions = (
				en,
				Base,
				"zh-Hans",
			);
			mainGroup = 917DA95F1C3B8EB700FF675D;
			productRefGroup = 917DA9691C3B8EB700FF675D /* Products */;
			projectDirPath = "";
			projectRoot = "";
			targets = (
				917DA9671C3B8EB700FF675D /* CavyLifeBand2 */,
				917DA97B1C3B8EB800FF675D /* CavyLifeBand2Tests */,
				917DA9861C3B8EB800FF675D /* CavyLifeBand2UITests */,
			);
		};
/* End PBXProject section */

/* Begin PBXResourcesBuildPhase section */
		917DA9661C3B8EB700FF675D /* Resources */ = {
			isa = PBXResourcesBuildPhase;
			buildActionMask = 2147483647;
			files = (
				918435E71C7D4FFA005B6E92 /* Main.storyboard in Resources */,
				913D0BD91C3FA126006EE7F8 /* Weather.storyboard in Resources */,
				91D192921C7DA87B00482019 /* colors.txt in Resources */,
				91C3ED841C3BB637000A414D /* Localizable.strings in Resources */,
				913D0BD81C3FA126006EE7F8 /* Camera.storyboard in Resources */,
				917DA9761C3B8EB700FF675D /* LaunchScreen.storyboard in Resources */,
				91D192941C7DB8DE00482019 /* Assets.xcassets in Resources */,
				917DA99E1C3BA12E00FF675D /* InfoPlist.strings in Resources */,
			);
			runOnlyForDeploymentPostprocessing = 0;
		};
		917DA97A1C3B8EB800FF675D /* Resources */ = {
			isa = PBXResourcesBuildPhase;
			buildActionMask = 2147483647;
			files = (
				91C3AE501C461EA0006B67AF /* SecurityCode_Ok.json in Resources */,
				91F0361F1C8D6BB6003E059A /* Profile_Ok.json in Resources */,
				91A09DAD1C488AF400BB1599 /* Sign_In_Ok.json in Resources */,
				91A1E1DD1C7ACF140059E53B /* ForgotPasswd_Ok.json in Resources */,
				91BBB6061C671F1800EC1ED1 /* Sign_In_Error.json in Resources */,
				91F0361D1C8D57DE003E059A /* CommonResultOk.json in Resources */,
				912D29DD1C609FFD005A06E9 /* Sign_Up_Ok.json in Resources */,
				918435E31C7C2C4E005B6E92 /* UploadPicture_Ok.json in Resources */,
			);
			runOnlyForDeploymentPostprocessing = 0;
		};
		917DA9851C3B8EB800FF675D /* Resources */ = {
			isa = PBXResourcesBuildPhase;
			buildActionMask = 2147483647;
			files = (
			);
			runOnlyForDeploymentPostprocessing = 0;
		};
/* End PBXResourcesBuildPhase section */

/* Begin PBXShellScriptBuildPhase section */
		014978E6D44FBCCACD14AACB /* Copy Pods Resources */ = {
			isa = PBXShellScriptBuildPhase;
			buildActionMask = 2147483647;
			files = (
			);
			inputPaths = (
			);
			name = "Copy Pods Resources";
			outputPaths = (
			);
			runOnlyForDeploymentPostprocessing = 0;
			shellPath = /bin/sh;
			shellScript = "\"${SRCROOT}/Pods/Target Support Files/Pods/Pods-resources.sh\"\n";
			showEnvVarsInLog = 0;
		};
		10C30443CC8F125A42CAC34E /* Tailor */ = {
			isa = PBXShellScriptBuildPhase;
			buildActionMask = 2147483647;
			files = (
			);
			inputPaths = (
			);
			name = Tailor;
			outputPaths = (
			);
			runOnlyForDeploymentPostprocessing = 0;
			shellPath = /bin/sh;
			shellScript = "if hash tailor 2>/dev/null; then\n  tailor --except=brace-style,trailing-whitespace,comment-whitespace,terminating-newline,forced-type-cast\nelse\n  echo \"warning: Please install Tailor from https://tailor.sh\"\nfi";
		};
		1FFA4C2A8B15AA696D1A45EC /* Copy Pods Resources */ = {
			isa = PBXShellScriptBuildPhase;
			buildActionMask = 2147483647;
			files = (
			);
			inputPaths = (
			);
			name = "Copy Pods Resources";
			outputPaths = (
			);
			runOnlyForDeploymentPostprocessing = 0;
			shellPath = /bin/sh;
			shellScript = "\"${SRCROOT}/Pods/Target Support Files/Pods-CavyLifeBand2Tests/Pods-CavyLifeBand2Tests-resources.sh\"\n";
			showEnvVarsInLog = 0;
		};
		9B2BD6B95D7A2188FB2331A3 /* Copy Pods Resources */ = {
			isa = PBXShellScriptBuildPhase;
			buildActionMask = 2147483647;
			files = (
			);
			inputPaths = (
			);
			name = "Copy Pods Resources";
			outputPaths = (
			);
			runOnlyForDeploymentPostprocessing = 0;
			shellPath = /bin/sh;
			shellScript = "\"${SRCROOT}/Pods/Target Support Files/Pods-CavyLifeBand2UITests/Pods-CavyLifeBand2UITests-resources.sh\"\n";
			showEnvVarsInLog = 0;
		};
		9C96EDCAA15349112C23D4D1 /* Embed Pods Frameworks */ = {
			isa = PBXShellScriptBuildPhase;
			buildActionMask = 2147483647;
			files = (
			);
			inputPaths = (
			);
			name = "Embed Pods Frameworks";
			outputPaths = (
			);
			runOnlyForDeploymentPostprocessing = 0;
			shellPath = /bin/sh;
			shellScript = "\"${SRCROOT}/Pods/Target Support Files/Pods/Pods-frameworks.sh\"\n";
			showEnvVarsInLog = 0;
		};
		A213B0908518E3F74EBA624B /* Check Pods Manifest.lock */ = {
			isa = PBXShellScriptBuildPhase;
			buildActionMask = 2147483647;
			files = (
			);
			inputPaths = (
			);
			name = "Check Pods Manifest.lock";
			outputPaths = (
			);
			runOnlyForDeploymentPostprocessing = 0;
			shellPath = /bin/sh;
			shellScript = "diff \"${PODS_ROOT}/../Podfile.lock\" \"${PODS_ROOT}/Manifest.lock\" > /dev/null\nif [[ $? != 0 ]] ; then\n    cat << EOM\nerror: The sandbox is not in sync with the Podfile.lock. Run 'pod install' or update your CocoaPods installation.\nEOM\n    exit 1\nfi\n";
			showEnvVarsInLog = 0;
		};
		CC8D0AF30B13C2AD7C7D8602 /* Embed Pods Frameworks */ = {
			isa = PBXShellScriptBuildPhase;
			buildActionMask = 2147483647;
			files = (
			);
			inputPaths = (
			);
			name = "Embed Pods Frameworks";
			outputPaths = (
			);
			runOnlyForDeploymentPostprocessing = 0;
			shellPath = /bin/sh;
			shellScript = "\"${SRCROOT}/Pods/Target Support Files/Pods-CavyLifeBand2Tests/Pods-CavyLifeBand2Tests-frameworks.sh\"\n";
			showEnvVarsInLog = 0;
		};
		D517CEF9A44190E5F6B327FB /* Check Pods Manifest.lock */ = {
			isa = PBXShellScriptBuildPhase;
			buildActionMask = 2147483647;
			files = (
			);
			inputPaths = (
			);
			name = "Check Pods Manifest.lock";
			outputPaths = (
			);
			runOnlyForDeploymentPostprocessing = 0;
			shellPath = /bin/sh;
			shellScript = "diff \"${PODS_ROOT}/../Podfile.lock\" \"${PODS_ROOT}/Manifest.lock\" > /dev/null\nif [[ $? != 0 ]] ; then\n    cat << EOM\nerror: The sandbox is not in sync with the Podfile.lock. Run 'pod install' or update your CocoaPods installation.\nEOM\n    exit 1\nfi\n";
			showEnvVarsInLog = 0;
		};
		DCA09848B6D9D547DE5B8B6D /* Check Pods Manifest.lock */ = {
			isa = PBXShellScriptBuildPhase;
			buildActionMask = 2147483647;
			files = (
			);
			inputPaths = (
			);
			name = "Check Pods Manifest.lock";
			outputPaths = (
			);
			runOnlyForDeploymentPostprocessing = 0;
			shellPath = /bin/sh;
			shellScript = "diff \"${PODS_ROOT}/../Podfile.lock\" \"${PODS_ROOT}/Manifest.lock\" > /dev/null\nif [[ $? != 0 ]] ; then\n    cat << EOM\nerror: The sandbox is not in sync with the Podfile.lock. Run 'pod install' or update your CocoaPods installation.\nEOM\n    exit 1\nfi\n";
			showEnvVarsInLog = 0;
		};
/* End PBXShellScriptBuildPhase section */

/* Begin PBXSourcesBuildPhase section */
		917DA9641C3B8EB700FF675D /* Sources */ = {
			isa = PBXSourcesBuildPhase;
			buildActionMask = 2147483647;
			files = (
				9122AB1A1C7D766C00E2C31E /* StoryboardDefine.swift in Sources */,
				9141C7FC1C7D6BC5003E24F2 /* MainPageButton.swift in Sources */,
				919C5E4F1C7FE54900F72CA8 /* AccountManagerBaseViewController.swift in Sources */,
				917269FA1C47EB0F00A06E3A /* UserNetJSON.swift in Sources */,
				91C3AE561C474305006B67AF /* Log_Extension.swift in Sources */,
				918E26D51C8833D700115C4E /* AccountModelView.swift in Sources */,
				91D274C91C8685A6004F1AA7 /* BaseViewController.swift in Sources */,
				918435EB1C7D5A3D005B6E92 /* PageViewController.swift in Sources */,
				91C3AE521C462FE5006B67AF /* String_Extension.swift in Sources */,
				918435EF1C7D629D005B6E92 /* ColorsDefine.swift in Sources */,
				91D274D01C86AD55004F1AA7 /* CavyLifeBandAlertView.swift in Sources */,
				918E26D71C8833E000115C4E /* AccountTextField.swift in Sources */,
				91D274C71C84453F004F1AA7 /* SendSafetyCodeButton.swift in Sources */,
				91A7516D1C7DDB3C00D93A57 /* AccountManagerViewController.swift in Sources */,
				918435ED1C7D5ABE005B6E92 /* MainPageViewController.swift in Sources */,
				91A7516B1C7DD31000D93A57 /* CLBPageControl.swift in Sources */,
				915FFAA61C4E0CA500A492F7 /* AppDelegate.swift in Sources */,
				913D0BDB1C3FA126006EE7F8 /* CavyLifeBand2-Define.swift in Sources */,
				91D274C31C83D3F1004F1AA7 /* UserProtocolView.swift in Sources */,
				91C3AE251C44DABA006B67AF /* UserNetRequestData.swift in Sources */,
				918E26D31C88307900115C4E /* NSUserDefaultsExtension.swift in Sources */,
				9169AAAA1C7EE06A00301646 /* SignInViewController.swift in Sources */,
				9141C7FE1C7D72CD003E24F2 /* ImageDefine.swift in Sources */,
				918435F31C7D6784005B6E92 /* LocalizableDefine.swift in Sources */,
				4C471F8C1C43931C001B9FA1 /* PhotoAlbum.swift in Sources */,
				91D274C51C843A6D004F1AA7 /* CheckboxButton.swift in Sources */,
				4C124E311C3FB61400C9FDF4 /* CustomCamera.swift in Sources */,
				C8ECCA2E1C4C7F2D00805826 /* Weather.swift in Sources */,
				9197CF9E1C58BADE00E5D1C9 /* NetRequestAdapter.swift in Sources */,
				98CE4AAE2910AB63E72ECA83 /* UIImageExtension.swift in Sources */,
			);
			runOnlyForDeploymentPostprocessing = 0;
		};
		917DA9781C3B8EB800FF675D /* Sources */ = {
			isa = PBXSourcesBuildPhase;
			buildActionMask = 2147483647;
			files = (
				918435DB1C7AD094005B6E92 /* ForgotPasswdTest.swift in Sources */,
				918435E11C7C2B8E005B6E92 /* UploadPicture.swift in Sources */,
				912D29DB1C6088B5005A06E9 /* SignInTest.swift in Sources */,
				918435DD1C7AF624005B6E92 /* SecurityCodeTest.swift in Sources */,
				9199DA251C48D2BF009672C4 /* SignUpTest.swift in Sources */,
				91F0361B1C8D2A1D003E059A /* ProfileTest.swift in Sources */,
			);
			runOnlyForDeploymentPostprocessing = 0;
		};
		917DA9831C3B8EB800FF675D /* Sources */ = {
			isa = PBXSourcesBuildPhase;
			buildActionMask = 2147483647;
			files = (
				91E981291C8937CB00802C5F /* AccountPageSwitchUITests.swift in Sources */,
				918E26DC1C891CDE00115C4E /* SignInUITests.swift in Sources */,
			);
			runOnlyForDeploymentPostprocessing = 0;
		};
/* End PBXSourcesBuildPhase section */

/* Begin PBXTargetDependency section */
		917DA97E1C3B8EB800FF675D /* PBXTargetDependency */ = {
			isa = PBXTargetDependency;
			target = 917DA9671C3B8EB700FF675D /* CavyLifeBand2 */;
			targetProxy = 917DA97D1C3B8EB800FF675D /* PBXContainerItemProxy */;
		};
		917DA9891C3B8EB800FF675D /* PBXTargetDependency */ = {
			isa = PBXTargetDependency;
			target = 917DA9671C3B8EB700FF675D /* CavyLifeBand2 */;
			targetProxy = 917DA9881C3B8EB800FF675D /* PBXContainerItemProxy */;
		};
/* End PBXTargetDependency section */

/* Begin PBXVariantGroup section */
		917DA9741C3B8EB700FF675D /* LaunchScreen.storyboard */ = {
			isa = PBXVariantGroup;
			children = (
				917DA9751C3B8EB700FF675D /* Base */,
				917DA9A51C3BA1A700FF675D /* zh-Hans */,
			);
			name = LaunchScreen.storyboard;
			sourceTree = "<group>";
		};
		917DA9A01C3BA12E00FF675D /* InfoPlist.strings */ = {
			isa = PBXVariantGroup;
			children = (
				917DA99F1C3BA12E00FF675D /* en */,
				917DA9A11C3BA13800FF675D /* Base */,
				917DA9A61C3BA1A700FF675D /* zh-Hans */,
			);
			name = InfoPlist.strings;
			path = ..;
			sourceTree = "<group>";
		};
		91C3ED861C3BB637000A414D /* Localizable.strings */ = {
			isa = PBXVariantGroup;
			children = (
				91C3ED871C3BB639000A414D /* Base */,
				918435F01C7D6641005B6E92 /* en */,
				918435F11C7D6644005B6E92 /* zh-Hans */,
			);
			name = Localizable.strings;
			sourceTree = "<group>";
		};
/* End PBXVariantGroup section */

/* Begin XCBuildConfiguration section */
		917DA98E1C3B8EB800FF675D /* Debug */ = {
			isa = XCBuildConfiguration;
			buildSettings = {
				ALWAYS_SEARCH_USER_PATHS = NO;
				CLANG_CXX_LANGUAGE_STANDARD = "gnu++0x";
				CLANG_CXX_LIBRARY = "libc++";
				CLANG_ENABLE_MODULES = YES;
				CLANG_ENABLE_OBJC_ARC = YES;
				CLANG_WARN_BOOL_CONVERSION = YES;
				CLANG_WARN_CONSTANT_CONVERSION = YES;
				CLANG_WARN_DIRECT_OBJC_ISA_USAGE = YES_ERROR;
				CLANG_WARN_EMPTY_BODY = YES;
				CLANG_WARN_ENUM_CONVERSION = YES;
				CLANG_WARN_INT_CONVERSION = YES;
				CLANG_WARN_OBJC_ROOT_CLASS = YES_ERROR;
				CLANG_WARN_UNREACHABLE_CODE = YES;
				CLANG_WARN__DUPLICATE_METHOD_MATCH = YES;
				"CODE_SIGN_IDENTITY[sdk=iphoneos*]" = "iPhone Developer";
				COPY_PHASE_STRIP = NO;
				DEBUG_INFORMATION_FORMAT = dwarf;
				ENABLE_STRICT_OBJC_MSGSEND = YES;
				ENABLE_TESTABILITY = YES;
				GCC_C_LANGUAGE_STANDARD = gnu99;
				GCC_DYNAMIC_NO_PIC = NO;
				GCC_NO_COMMON_BLOCKS = YES;
				GCC_OPTIMIZATION_LEVEL = 0;
				GCC_PREPROCESSOR_DEFINITIONS = (
					"DEBUG=1",
					"$(inherited)",
				);
				GCC_WARN_64_TO_32_BIT_CONVERSION = YES;
				GCC_WARN_ABOUT_RETURN_TYPE = YES_ERROR;
				GCC_WARN_UNDECLARED_SELECTOR = YES;
				GCC_WARN_UNINITIALIZED_AUTOS = YES_AGGRESSIVE;
				GCC_WARN_UNUSED_FUNCTION = YES;
				GCC_WARN_UNUSED_VARIABLE = YES;
				IPHONEOS_DEPLOYMENT_TARGET = 8.0;
				MTL_ENABLE_DEBUG_INFO = YES;
				ONLY_ACTIVE_ARCH = YES;
				SDKROOT = iphoneos;
				SWIFT_OPTIMIZATION_LEVEL = "-Onone";
				TARGETED_DEVICE_FAMILY = "1,2";
			};
			name = Debug;
		};
		917DA98F1C3B8EB800FF675D /* Release */ = {
			isa = XCBuildConfiguration;
			buildSettings = {
				ALWAYS_SEARCH_USER_PATHS = NO;
				CLANG_CXX_LANGUAGE_STANDARD = "gnu++0x";
				CLANG_CXX_LIBRARY = "libc++";
				CLANG_ENABLE_MODULES = YES;
				CLANG_ENABLE_OBJC_ARC = YES;
				CLANG_WARN_BOOL_CONVERSION = YES;
				CLANG_WARN_CONSTANT_CONVERSION = YES;
				CLANG_WARN_DIRECT_OBJC_ISA_USAGE = YES_ERROR;
				CLANG_WARN_EMPTY_BODY = YES;
				CLANG_WARN_ENUM_CONVERSION = YES;
				CLANG_WARN_INT_CONVERSION = YES;
				CLANG_WARN_OBJC_ROOT_CLASS = YES_ERROR;
				CLANG_WARN_UNREACHABLE_CODE = YES;
				CLANG_WARN__DUPLICATE_METHOD_MATCH = YES;
				"CODE_SIGN_IDENTITY[sdk=iphoneos*]" = "iPhone Developer";
				COPY_PHASE_STRIP = NO;
				DEBUG_INFORMATION_FORMAT = "dwarf-with-dsym";
				ENABLE_NS_ASSERTIONS = NO;
				ENABLE_STRICT_OBJC_MSGSEND = YES;
				GCC_C_LANGUAGE_STANDARD = gnu99;
				GCC_NO_COMMON_BLOCKS = YES;
				GCC_WARN_64_TO_32_BIT_CONVERSION = YES;
				GCC_WARN_ABOUT_RETURN_TYPE = YES_ERROR;
				GCC_WARN_UNDECLARED_SELECTOR = YES;
				GCC_WARN_UNINITIALIZED_AUTOS = YES_AGGRESSIVE;
				GCC_WARN_UNUSED_FUNCTION = YES;
				GCC_WARN_UNUSED_VARIABLE = YES;
				IPHONEOS_DEPLOYMENT_TARGET = 8.0;
				MTL_ENABLE_DEBUG_INFO = NO;
				SDKROOT = iphoneos;
				TARGETED_DEVICE_FAMILY = "1,2";
				VALIDATE_PRODUCT = YES;
			};
			name = Release;
		};
		917DA9911C3B8EB800FF675D /* Debug */ = {
			isa = XCBuildConfiguration;
			baseConfigurationReference = AD7D0502CC392B502E081F26 /* Pods.debug.xcconfig */;
			buildSettings = {
				ASSETCATALOG_COMPILER_APPICON_NAME = AppIcon;
				CODE_SIGN_IDENTITY = "iPhone Developer";
				ENABLE_BITCODE = YES;
				INFOPLIST_FILE = CavyLifeBand2/Info.plist;
				IPHONEOS_DEPLOYMENT_TARGET = 8.0;
				LD_RUNPATH_SEARCH_PATHS = "$(inherited) @executable_path/Frameworks";
				OTHER_LDFLAGS = (
					"$(inherited)",
					"-framework",
					"\"Alamofire\"",
					"-framework",
					"\"AlamofireImage\"",
					"-framework",
					"\"EZSwiftExtensions\"",
					"-framework",
					"\"Log\"",
					"-framework",
					"\"MJRefresh\"",
					"-framework",
					"\"SnapKit\"",
					"-framework",
					"\"SwiftOverlays\"",
					"-framework",
					"\"XLActionController\"",
					"-ObjC",
				);
				PRODUCT_BUNDLE_IDENTIFIER = com.cavytech.CavyLifeBand2;
				PRODUCT_NAME = "$(TARGET_NAME)";
				SWIFT_OBJC_BRIDGING_HEADER = "";
				TARGETED_DEVICE_FAMILY = 1;
			};
			name = Debug;
		};
		917DA9921C3B8EB800FF675D /* Release */ = {
			isa = XCBuildConfiguration;
			baseConfigurationReference = 01513CBBEAFFF398A5D5CA79 /* Pods.release.xcconfig */;
			buildSettings = {
				ASSETCATALOG_COMPILER_APPICON_NAME = AppIcon;
				CODE_SIGN_IDENTITY = "iPhone Developer";
				ENABLE_BITCODE = YES;
				INFOPLIST_FILE = CavyLifeBand2/Info.plist;
				IPHONEOS_DEPLOYMENT_TARGET = 8.0;
				LD_RUNPATH_SEARCH_PATHS = "$(inherited) @executable_path/Frameworks";
				OTHER_LDFLAGS = (
					"$(inherited)",
					"-framework",
					"\"Alamofire\"",
					"-framework",
					"\"AlamofireImage\"",
					"-framework",
					"\"EZSwiftExtensions\"",
					"-framework",
					"\"Log\"",
					"-framework",
					"\"MJRefresh\"",
					"-framework",
					"\"SnapKit\"",
					"-framework",
					"\"SwiftOverlays\"",
					"-framework",
					"\"XLActionController\"",
					"-ObjC",
				);
				PRODUCT_BUNDLE_IDENTIFIER = com.cavytech.CavyLifeBand2;
				PRODUCT_NAME = "$(TARGET_NAME)";
				SWIFT_OBJC_BRIDGING_HEADER = "";
				TARGETED_DEVICE_FAMILY = 1;
			};
			name = Release;
		};
		917DA9941C3B8EB800FF675D /* Debug */ = {
			isa = XCBuildConfiguration;
			baseConfigurationReference = 2F583E886E98A1695CB4FA4C /* Pods-CavyLifeBand2Tests.debug.xcconfig */;
			buildSettings = {
				BUNDLE_LOADER = "$(TEST_HOST)";
				INFOPLIST_FILE = CavyLifeBand2Tests/Info.plist;
				LD_RUNPATH_SEARCH_PATHS = "$(inherited) @executable_path/Frameworks @loader_path/Frameworks";
				PRODUCT_BUNDLE_IDENTIFIER = cavytech.CavyLifeBand2Tests;
				PRODUCT_NAME = "$(TARGET_NAME)";
				TEST_HOST = "$(BUILT_PRODUCTS_DIR)/CavyLifeBand2.app/CavyLifeBand2";
			};
			name = Debug;
		};
		917DA9951C3B8EB800FF675D /* Release */ = {
			isa = XCBuildConfiguration;
			baseConfigurationReference = 91931FBDB93D6202BBC98835 /* Pods-CavyLifeBand2Tests.release.xcconfig */;
			buildSettings = {
				BUNDLE_LOADER = "$(TEST_HOST)";
				INFOPLIST_FILE = CavyLifeBand2Tests/Info.plist;
				LD_RUNPATH_SEARCH_PATHS = "$(inherited) @executable_path/Frameworks @loader_path/Frameworks";
				PRODUCT_BUNDLE_IDENTIFIER = cavytech.CavyLifeBand2Tests;
				PRODUCT_NAME = "$(TARGET_NAME)";
				TEST_HOST = "$(BUILT_PRODUCTS_DIR)/CavyLifeBand2.app/CavyLifeBand2";
			};
			name = Release;
		};
		917DA9971C3B8EB800FF675D /* Debug */ = {
			isa = XCBuildConfiguration;
			baseConfigurationReference = 62B877474089074C0F590F2C /* Pods-CavyLifeBand2UITests.debug.xcconfig */;
			buildSettings = {
				CLANG_ENABLE_MODULES = YES;
				INFOPLIST_FILE = CavyLifeBand2UITests/Info.plist;
				LD_RUNPATH_SEARCH_PATHS = "$(inherited) @executable_path/Frameworks @loader_path/Frameworks";
				PRODUCT_BUNDLE_IDENTIFIER = cavytech.CavyLifeBand2UITests;
				PRODUCT_NAME = "$(TARGET_NAME)";
				SWIFT_OBJC_BRIDGING_HEADER = "";
				SWIFT_OPTIMIZATION_LEVEL = "-Onone";
				TEST_TARGET_NAME = CavyLifeBand2;
				USES_XCTRUNNER = YES;
			};
			name = Debug;
		};
		917DA9981C3B8EB800FF675D /* Release */ = {
			isa = XCBuildConfiguration;
			baseConfigurationReference = 0E86C8C6C588F3A38FB9C30B /* Pods-CavyLifeBand2UITests.release.xcconfig */;
			buildSettings = {
				CLANG_ENABLE_MODULES = YES;
				INFOPLIST_FILE = CavyLifeBand2UITests/Info.plist;
				LD_RUNPATH_SEARCH_PATHS = "$(inherited) @executable_path/Frameworks @loader_path/Frameworks";
				PRODUCT_BUNDLE_IDENTIFIER = cavytech.CavyLifeBand2UITests;
				PRODUCT_NAME = "$(TARGET_NAME)";
				SWIFT_OBJC_BRIDGING_HEADER = "";
				TEST_TARGET_NAME = CavyLifeBand2;
				USES_XCTRUNNER = YES;
			};
			name = Release;
		};
/* End XCBuildConfiguration section */

/* Begin XCConfigurationList section */
		917DA9631C3B8EB700FF675D /* Build configuration list for PBXProject "CavyLifeBand2" */ = {
			isa = XCConfigurationList;
			buildConfigurations = (
				917DA98E1C3B8EB800FF675D /* Debug */,
				917DA98F1C3B8EB800FF675D /* Release */,
			);
			defaultConfigurationIsVisible = 0;
			defaultConfigurationName = Release;
		};
		917DA9901C3B8EB800FF675D /* Build configuration list for PBXNativeTarget "CavyLifeBand2" */ = {
			isa = XCConfigurationList;
			buildConfigurations = (
				917DA9911C3B8EB800FF675D /* Debug */,
				917DA9921C3B8EB800FF675D /* Release */,
			);
			defaultConfigurationIsVisible = 0;
			defaultConfigurationName = Release;
		};
		917DA9931C3B8EB800FF675D /* Build configuration list for PBXNativeTarget "CavyLifeBand2Tests" */ = {
			isa = XCConfigurationList;
			buildConfigurations = (
				917DA9941C3B8EB800FF675D /* Debug */,
				917DA9951C3B8EB800FF675D /* Release */,
			);
			defaultConfigurationIsVisible = 0;
			defaultConfigurationName = Release;
		};
		917DA9961C3B8EB800FF675D /* Build configuration list for PBXNativeTarget "CavyLifeBand2UITests" */ = {
			isa = XCConfigurationList;
			buildConfigurations = (
				917DA9971C3B8EB800FF675D /* Debug */,
				917DA9981C3B8EB800FF675D /* Release */,
			);
			defaultConfigurationIsVisible = 0;
			defaultConfigurationName = Release;
		};
/* End XCConfigurationList section */
	};
	rootObject = 917DA9601C3B8EB700FF675D /* Project object */;
}
